
Microsoft Visual Studio Solution File, Format Version 12.00
# Visual Studio Version 17
VisualStudioVersion = 17.7.34221.43
MinimumVisualStudioVersion = 10.0.40219.1
Project("{FAE04EC0-301F-11D3-BF4B-00C04F79EFBC}") = "Uygulama6Uygulama7Menuler", "Uygulama6Uygulama7Menuler\Uygulama6Uygulama7Menuler.csproj", "{E9AB7DD8-FE43-40F5-8C73-3B7D0777DE4E}"
EndProject
Global
	GlobalSection(SolutionConfigurationPlatforms) = preSolution
		Debug|Any CPU = Debug|Any CPU
		Release|Any CPU = Release|Any CPU
	EndGlobalSection
	GlobalSection(ProjectConfigurationPlatforms) = postSolution
		{E9AB7DD8-FE43-40F5-8C73-3B7D0777DE4E}.Debug|Any CPU.ActiveCfg = Debug|Any CPU
		{E9AB7DD8-FE43-40F5-8C73-3B7D0777DE4E}.Debug|Any CPU.Build.0 = Debug|Any CPU
		{E9AB7DD8-FE43-40F5-8C73-3B7D0777DE4E}.Release|Any CPU.ActiveCfg = Release|Any CPU
		{E9AB7DD8-FE43-40F5-8C73-3B7D0777DE4E}.Release|Any CPU.Build.0 = Release|Any CPU
	EndGlobalSection
	GlobalSection(SolutionProperties) = preSolution
		HideSolutionNode = FALSE
	EndGlobalSection
	GlobalSection(ExtensibilityGlobals) = postSolution
		SolutionGuid = {738CA89B-8D0A-43B0-9391-B80A1E0D6E33}
	EndGlobalSection
EndGlobal
